
Microsoft Visual Studio Solution File, Format Version 12.00
# Visual Studio Version 17
VisualStudioVersion = 17.12.35527.113 d17.12
MinimumVisualStudioVersion = 10.0.40219.1
Project("{FAE04EC0-301F-11D3-BF4B-00C04F79EFBC}") = "CompanyEmployees", "CompanyEmployees\CompanyEmployees.csproj", "{560F9E3C-09DE-443C-AE31-F3D5EAB75ADE}"
EndProject
Project("{FAE04EC0-301F-11D3-BF4B-00C04F79EFBC}") = "Contracts", "Contracts\Contracts.csproj", "{9F6DE97B-6847-4538-BE40-8F3D614E9B72}"
EndProject
Project("{FAE04EC0-301F-11D3-BF4B-00C04F79EFBC}") = "LoggerService", "LoggerService\LoggerService.csproj", "{AE698B34-9CB3-40DF-A660-63EEE8FCE40C}"
EndProject
Project("{FAE04EC0-301F-11D3-BF4B-00C04F79EFBC}") = "Entities", "Entities\Entities.csproj", "{E1725713-04C8-4895-9A02-0A6331414B8C}"
EndProject
Global
	GlobalSection(SolutionConfigurationPlatforms) = preSolution
		Debug|Any CPU = Debug|Any CPU
		Release|Any CPU = Release|Any CPU
	EndGlobalSection
	GlobalSection(ProjectConfigurationPlatforms) = postSolution
		{560F9E3C-09DE-443C-AE31-F3D5EAB75ADE}.Debug|Any CPU.ActiveCfg = Debug|Any CPU
		{560F9E3C-09DE-443C-AE31-F3D5EAB75ADE}.Debug|Any CPU.Build.0 = Debug|Any CPU
		{560F9E3C-09DE-443C-AE31-F3D5EAB75ADE}.Release|Any CPU.ActiveCfg = Release|Any CPU
		{560F9E3C-09DE-443C-AE31-F3D5EAB75ADE}.Release|Any CPU.Build.0 = Release|Any CPU
		{9F6DE97B-6847-4538-BE40-8F3D614E9B72}.Debug|Any CPU.ActiveCfg = Debug|Any CPU
		{9F6DE97B-6847-4538-BE40-8F3D614E9B72}.Debug|Any CPU.Build.0 = Debug|Any CPU
		{9F6DE97B-6847-4538-BE40-8F3D614E9B72}.Release|Any CPU.ActiveCfg = Release|Any CPU
		{9F6DE97B-6847-4538-BE40-8F3D614E9B72}.Release|Any CPU.Build.0 = Release|Any CPU
		{AE698B34-9CB3-40DF-A660-63EEE8FCE40C}.Debug|Any CPU.ActiveCfg = Debug|Any CPU
		{AE698B34-9CB3-40DF-A660-63EEE8FCE40C}.Debug|Any CPU.Build.0 = Debug|Any CPU
		{AE698B34-9CB3-40DF-A660-63EEE8FCE40C}.Release|Any CPU.ActiveCfg = Release|Any CPU
		{AE698B34-9CB3-40DF-A660-63EEE8FCE40C}.Release|Any CPU.Build.0 = Release|Any CPU
		{E1725713-04C8-4895-9A02-0A6331414B8C}.Debug|Any CPU.ActiveCfg = Debug|Any CPU
		{E1725713-04C8-4895-9A02-0A6331414B8C}.Debug|Any CPU.Build.0 = Debug|Any CPU
		{E1725713-04C8-4895-9A02-0A6331414B8C}.Release|Any CPU.ActiveCfg = Release|Any CPU
		{E1725713-04C8-4895-9A02-0A6331414B8C}.Release|Any CPU.Build.0 = Release|Any CPU
	EndGlobalSection
	GlobalSection(SolutionProperties) = preSolution
		HideSolutionNode = FALSE
	EndGlobalSection
EndGlobal
